{
  "requires": true,
  "lockfileVersion": 1,
  "dependencies": {
    "@types/clone": {
      "version": "2.1.2",
      "resolved": "https://registry.npmjs.org/@types/clone/-/clone-2.1.2.tgz",
      "integrity": "sha512-fKXTsQvII/8K7xSxQF2OEuN6Pt4/PDasws60s/qeqoIOaBX7Aoevy5CmaQ4fANbvOo04MN3kx3xUIc6ZNXsmaQ==",
      "dev": true
    },
    "@types/color-convert": {
      "version": "2.0.1",
      "resolved": "https://registry.npmjs.org/@types/color-convert/-/color-convert-2.0.1.tgz",
      "integrity": "sha512-GwXanrvq/tBHJtudbl1lSy9Ybt7KS9+rA+YY3bcuIIM+d6jSHUr+5yjO83gtiRpuaPiBccwFjSnAK2qSrIPA7w==",
      "dev": true,
      "requires": {
        "@types/color-name": "*"
      }
    },
    "@types/color-name": {
      "version": "1.1.1",
      "resolved": "https://registry.npmjs.org/@types/color-name/-/color-name-1.1.1.tgz",
      "integrity": "sha512-rr+OQyAjxze7GgWrSaJwydHStIhHq2lvY3BOC2Mj7KnzI7XK0Uw1TOOdI9lDoajEbSWLiYgoo4f1R51erQfhPQ==",
      "dev": true
    },
    "@types/d3-array": {
      "version": "3.0.7",
      "resolved": "https://registry.npmjs.org/@types/d3-array/-/d3-array-3.0.7.tgz",
      "integrity": "sha512-4/Q0FckQ8TBjsB0VdGFemJOG8BLXUB2KKlL0VmZ+eOYeOnTb/wDRQqYWpBmQ6IlvWkXwkYiot+n9Px2aTJ7zGQ==",
      "dev": true
    },
    "@types/d3-color": {
      "version": "3.1.0",
      "resolved": "https://registry.npmjs.org/@types/d3-color/-/d3-color-3.1.0.tgz",
      "integrity": "sha512-HKuicPHJuvPgCD+np6Se9MQvS6OCbJmOjGvylzMJRlDwUXjKTTXs6Pwgk79O09Vj/ho3u1ofXnhFOaEWWPrlwA==",
      "dev": true
    },
    "@types/d3-delaunay": {
      "version": "6.0.1",
      "resolved": "https://registry.npmjs.org/@types/d3-delaunay/-/d3-delaunay-6.0.1.tgz",
      "integrity": "sha512-tLxQ2sfT0p6sxdG75c6f/ekqxjyYR0+LwPrsO1mbC9YDBzPJhs2HbJJRrn8Ez1DBoHRo2yx7YEATI+8V1nGMnQ==",
      "dev": true
    },
    "@types/d3-dispatch": {
      "version": "3.0.3",
      "resolved": "https://registry.npmjs.org/@types/d3-dispatch/-/d3-dispatch-3.0.3.tgz",
      "integrity": "sha512-Df7KW3Re7G6cIpIhQtqHin8yUxUHYAqiE41ffopbmU5+FifYUNV7RVyTg8rQdkEagg83m14QtS8InvNb95Zqug==",
      "dev": true
    },
    "@types/d3-dsv": {
      "version": "3.0.2",
      "resolved": "https://registry.npmjs.org/@types/d3-dsv/-/d3-dsv-3.0.2.tgz",
      "integrity": "sha512-DooW5AOkj4AGmseVvbwHvwM/Ltu0Ks0WrhG6r5FG9riHT5oUUTHz6xHsHqJSVU8ZmPkOqlUEY2obS5C9oCIi2g==",
      "dev": true
    },
    "@types/d3-force": {
      "version": "3.0.5",
      "resolved": "https://registry.npmjs.org/@types/d3-force/-/d3-force-3.0.5.tgz",
      "integrity": "sha512-EGG+IWx93ESSXBwfh/5uPuR9Hp8M6o6qEGU7bBQslxCvrdUBQZha/EFpu/VMdLU4B0y4Oe4h175nSm7p9uqFug==",
      "dev": true
    },
    "@types/d3-format": {
      "version": "3.0.1",
      "resolved": "https://registry.npmjs.org/@types/d3-format/-/d3-format-3.0.1.tgz",
      "integrity": "sha512-5KY70ifCCzorkLuIkDe0Z9YTf9RR2CjBX1iaJG+rgM/cPP+sO+q9YdQ9WdhQcgPj1EQiJ2/0+yUkkziTG6Lubg==",
      "dev": true
    },
    "@types/d3-geo": {
      "version": "3.0.4",
      "resolved": "https://registry.npmjs.org/@types/d3-geo/-/d3-geo-3.0.4.tgz",
      "integrity": "sha512-kmUK8rVVIBPKJ1/v36bk2aSgwRj2N/ZkjDT+FkMT5pgedZoPlyhaG62J+9EgNIgUXE6IIL0b7bkLxCzhE6U4VQ==",
      "dev": true,
      "requires": {
        "@types/geojson": "*"
      }
    },
    "@types/d3-hierarchy": {
      "version": "3.1.3",
      "resolved": "https://registry.npmjs.org/@types/d3-hierarchy/-/d3-hierarchy-3.1.3.tgz",
      "integrity": "sha512-GpSK308Xj+HeLvogfEc7QsCOcIxkDwLhFYnOoohosEzOqv7/agxwvJER1v/kTC+CY1nfazR0F7gnHo7GE41/fw==",
      "dev": true
    },
    "@types/d3-interpolate": {
      "version": "3.0.1",
      "resolved": "https://registry.npmjs.org/@types/d3-interpolate/-/d3-interpolate-3.0.1.tgz",
      "integrity": "sha512-jx5leotSeac3jr0RePOH1KdR9rISG91QIE4Q2PYTu4OymLTZfA3SrnURSLzKH48HmXVUru50b8nje4E79oQSQw==",
      "dev": true,
      "requires": {
        "@types/d3-color": "*"
      }
    },
    "@types/d3-path": {
      "version": "3.0.0",
      "resolved": "https://registry.npmjs.org/@types/d3-path/-/d3-path-3.0.0.tgz",
      "integrity": "sha512-0g/A+mZXgFkQxN3HniRDbXMN79K3CdTpLsevj+PXiTcb2hVyvkZUBg37StmgCQkaD84cUJ4uaDAWq7UJOQy2Tg==",
      "dev": true
    },
    "@types/d3-quadtree": {
      "version": "3.0.2",
      "resolved": "https://registry.npmjs.org/@types/d3-quadtree/-/d3-quadtree-3.0.2.tgz",
      "integrity": "sha512-QNcK8Jguvc8lU+4OfeNx+qnVy7c0VrDJ+CCVFS9srBo2GL9Y18CnIxBdTF3v38flrGy5s1YggcoAiu6s4fLQIw==",
      "dev": true
    },
    "@types/d3-scale": {
      "version": "4.0.4",
      "resolved": "https://registry.npmjs.org/@types/d3-scale/-/d3-scale-4.0.4.tgz",
      "integrity": "sha512-eq1ZeTj0yr72L8MQk6N6heP603ubnywSDRfNpi5enouR112HzGLS6RIvExCzZTraFF4HdzNpJMwA/zGiMoHUUw==",
      "dev": true,
      "requires": {
        "@types/d3-time": "*"
      }
    },
    "@types/d3-shape": {
      "version": "3.1.2",
      "resolved": "https://registry.npmjs.org/@types/d3-shape/-/d3-shape-3.1.2.tgz",
      "integrity": "sha512-NN4CXr3qeOUNyK5WasVUV8NCSAx/CRVcwcb0BuuS1PiTqwIm6ABi1SyasLZ/vsVCFDArF+W4QiGzSry1eKYQ7w==",
      "dev": true,
      "requires": {
        "@types/d3-path": "*"
      }
    },
    "@types/d3-time": {
      "version": "3.0.0",
      "resolved": "https://registry.npmjs.org/@types/d3-time/-/d3-time-3.0.0.tgz",
      "integrity": "sha512-sZLCdHvBUcNby1cB6Fd3ZBrABbjz3v1Vm90nysCQ6Vt7vd6e/h9Lt7SiJUoEX0l4Dzc7P5llKyhqSi1ycSf1Hg==",
      "dev": true
    },
    "@types/d3-time-format": {
      "version": "4.0.0",
      "resolved": "https://registry.npmjs.org/@types/d3-time-format/-/d3-time-format-4.0.0.tgz",
      "integrity": "sha512-yjfBUe6DJBsDin2BMIulhSHmr5qNR5Pxs17+oW4DoVPyVIXZ+m6bs7j1UVKP08Emv6jRmYrYqxYzO63mQxy1rw==",
      "dev": true
    },
    "@types/d3-timer": {
      "version": "3.0.0",
      "resolved": "https://registry.npmjs.org/@types/d3-timer/-/d3-timer-3.0.0.tgz",
      "integrity": "sha512-HNB/9GHqu7Fo8AQiugyJbv6ZxYz58wef0esl4Mv828w1ZKpAshw/uFWVDUcIB9KKFeFKoxS3cHY07FFgtTRZ1g==",
      "dev": true
    },
    "@types/delaunator": {
      "version": "5.0.0",
      "resolved": "https://registry.npmjs.org/@types/delaunator/-/delaunator-5.0.0.tgz",
      "integrity": "sha512-00nrXdKbhF9FQsq6MskmdUgEqd5MWzA+x8CoDt8OJqbS4QB528SgkOfEcnQMa2sIg2XTKowwwVQx8iGsAX6CAQ==",
      "dev": true
    },
    "@types/function-bind": {
      "version": "1.1.7",
      "resolved": "https://registry.npmjs.org/@types/function-bind/-/function-bind-1.1.7.tgz",
      "integrity": "sha512-eWHKq8xoqn7PDRVqUVr6wk/S35gK+ZWR4QRRYvLzkt3rxDY1JajxQaBiQpj4dVq56USz0YlcRRaeMWj5FQlx5w==",
      "dev": true
    },
    "@types/geojson": {
      "version": "7946.0.13",
      "resolved": "https://registry.npmjs.org/@types/geojson/-/geojson-7946.0.13.tgz",
      "integrity": "sha512-bmrNrgKMOhM3WsafmbGmC+6dsF2Z308vLFsQ3a/bT8X8Sv5clVYpPars/UPq+sAaJP+5OoLAYgwbkS5QEJdLUQ==",
      "dev": true
    },
    "@types/has": {
      "version": "1.0.0",
      "resolved": "https://registry.npmjs.org/@types/has/-/has-1.0.0.tgz",
      "integrity": "sha512-1J4U6Ipq5B+ytzNa9XWYg+U5cI5nt12a+RiISbKD9a74QDoRVhoBd6GPtd+imkqQRaTGO1l6bvdP1cqsM6dCpw==",
      "dev": true
    },
    "@types/is-core-module": {
      "version": "2.2.0",
      "resolved": "https://registry.npmjs.org/@types/is-core-module/-/is-core-module-2.2.0.tgz",
      "integrity": "sha512-4jdbEoadP1B6v5/6YoVFPKUr2NC+knEWMSllpX3cL4FAZktVmveeWTcUHQY7bU6Vx8TEt/ARbQyQapkZvGgFog==",
      "dev": true
    },
    "@types/node": {
      "version": "20.9.0",
      "resolved": "https://registry.npmjs.org/@types/node/-/node-20.9.0.tgz",
      "integrity": "sha512-nekiGu2NDb1BcVofVcEKMIwzlx4NjHlcjhoxxKBNLtz15Y1z7MYf549DFvkHSId02Ax6kGwWntIBPC3l/JZcmw==",
      "dev": true,
      "requires": {
        "undici-types": "~5.26.4"
      }
    },
    "@types/path-parse": {
      "version": "1.0.19",
      "resolved": "https://registry.npmjs.org/@types/path-parse/-/path-parse-1.0.19.tgz",
      "integrity": "sha512-a8lnTKqAQWUuUHn18tG0FBQGb0//0ryn6LZ6UiPZMoARFpVuj+iWJegt9n92s2Fmgue+Tn5X22SxeKFNf+NkNw==",
      "dev": true,
      "requires": {
        "@types/node": "*"
      }
    },
    "@types/require-directory": {
      "version": "2.1.2",
      "resolved": "https://registry.npmjs.org/@types/require-directory/-/require-directory-2.1.2.tgz",
      "integrity": "sha512-FUG5PJ2rsV2TssSspVZefTR8+wH3Ahr6KdAB6WanLNroSDu0A5ew4WVUxnnGU/E1k6nzip9ZawGAAe/ZqzGn5g==",
      "dev": true,
      "requires": {
        "@types/node": "*"
      }
    },
    "@types/resolve": {
      "version": "1.20.2",
      "resolved": "https://registry.npmjs.org/@types/resolve/-/resolve-1.20.2.tgz",
      "integrity": "sha512-60BCwRFOZCQhDncwQdxxeOEEkbc5dIMccYLwbxsS4TUNeVECQ/pBJ0j09mrHOl/JJvpRPGwO9SvE4nR2Nb/a4Q==",
      "dev": true
    },
    "@types/safer-buffer": {
      "version": "2.1.0",
      "resolved": "https://registry.npmjs.org/@types/safer-buffer/-/safer-buffer-2.1.0.tgz",
      "integrity": "sha512-04WlrCdOLy1Ejpwc3A7qyZzsH6uqeWoH+XO80V8S8NRubGg+E4FMMM3VAS6jZZ8w+dXki1/5FI5upmMDQlaQsQ==",
      "dev": true,
      "requires": {
        "@types/node": "*"
      }
    },
    "@types/semver": {
      "version": "7.5.1",
      "resolved": "https://registry.npmjs.org/@types/semver/-/semver-7.5.1.tgz",
      "integrity": "sha512-cJRQXpObxfNKkFAZbJl2yjWtJCqELQIdShsogr1d2MilP8dKD9TE/nEKHkJgUNHdGKCQaf9HbIynuV2csLGVLg==",
      "dev": true
    },
    "@types/topojson-client": {
      "version": "3.1.2",
      "resolved": "https://registry.npmjs.org/@types/topojson-client/-/topojson-client-3.1.2.tgz",
      "integrity": "sha512-Lp6ZDxSQf9Tr4IcV/aJ72Zk1Fso7oPg1AbLKF4b6Jc5k05z+WK7nmmpfneKsnbj1NNUwj2SgydBZyJzc4O865w==",
      "dev": true,
      "requires": {
        "@types/geojson": "*",
        "@types/topojson-specification": "*"
      }
    },
    "@types/topojson-specification": {
      "version": "1.0.5",
      "resolved": "https://registry.npmjs.org/@types/topojson-specification/-/topojson-specification-1.0.5.tgz",
      "integrity": "sha512-C7KvcQh+C2nr6Y2Ub4YfgvWvWCgP2nOQMtfhlnwsRL4pYmmwzBS7HclGiS87eQfDOU/DLQpX6GEscviaz4yLIQ==",
      "dev": true,
      "requires": {
        "@types/geojson": "*"
      }
    },
    "@types/tr46": {
      "version": "3.0.1",
      "resolved": "https://registry.npmjs.org/@types/tr46/-/tr46-3.0.1.tgz",
      "integrity": "sha512-61X88AjDEnQQB1etAwpcA6kqESfw1Ow/mldvLasXHAJXbifkjX1wgFG1UyGyiUWj2BcNlAw10HCjjNeF3av4sA==",
      "dev": true
    },
    "@types/webidl-conversions": {
      "version": "7.0.0",
      "resolved": "https://registry.npmjs.org/@types/webidl-conversions/-/webidl-conversions-7.0.0.tgz",
      "integrity": "sha512-xTE1E+YF4aWPJJeUzaZI5DRntlkY3+BCVJi0axFptnjGmAoWxkyREIh/XMrfxVLejwQxMCfDXdICo0VLxThrog==",
      "dev": true
    },
    "@types/whatwg-url": {
      "version": "11.0.0",
      "resolved": "https://registry.npmjs.org/@types/whatwg-url/-/whatwg-url-11.0.0.tgz",
      "integrity": "sha512-4F6szvZP3FM5HvJAmcInXBfrAhvM4tLIc8MO1nXwabG5TZVOLxVmAXRpICqXYd3lBlomSRGmLCopYV+yTocgpQ==",
      "dev": true,
      "requires": {
        "@types/webidl-conversions": "*"
      }
    },
    "@types/yallist": {
      "version": "4.0.1",
      "resolved": "https://registry.npmjs.org/@types/yallist/-/yallist-4.0.1.tgz",
      "integrity": "sha512-G3FNJfaYtN8URU6wd6+uwFI62KO79j7n3XTYcwcFncP8gkfoi0b821GoVVt0oqKVnCqKYOMNKIGpakPoFhzAGA==",
      "dev": true
    },
    "@types/yargs": {
      "version": "17.0.24",
      "resolved": "https://registry.npmjs.org/@types/yargs/-/yargs-17.0.24.tgz",
      "integrity": "sha512-6i0aC7jV6QzQB8ne1joVZ0eSFIstHsCrobmOtghM11yGlH0j43FKL2UhWdELkyps0zuf7qVTUVCCR+tgSlyLLw==",
      "dev": true,
      "requires": {
        "@types/yargs-parser": "*"
      }
    },
    "@types/yargs-parser": {
      "version": "21.0.0",
      "resolved": "https://registry.npmjs.org/@types/yargs-parser/-/yargs-parser-21.0.0.tgz",
      "integrity": "sha512-iO9ZQHkZxHn4mSakYV0vFHAVDyEOIJQrV2uZ06HxEPcx+mt8swXoZHIbaaJ2crJYFfErySgktuTZ3BeLz+XmFA==",
      "dev": true
    },
    "types-registry": {
      "version": "0.1.685",
      "resolved": "https://registry.npmjs.org/types-registry/-/types-registry-0.1.685.tgz",
      "integrity": "sha512-dC3Nqu/q2Ey8Jj/YV0plEub0oycMiu3VaAf+tf8X5uhtiRS4iF1BubY5cra1LIaKr+fTblxQvoVAYIPeVj1A9g=="
    },
    "undici-types": {
      "version": "5.26.5",
      "resolved": "https://registry.npmjs.org/undici-types/-/undici-types-5.26.5.tgz",
      "integrity": "sha512-JlCMO+ehdEIKqlFxk6IfVoAUVmgz7cU7zD/h9XZ0qzeosSHmUJVOzSQvvYSYWXkFXC+IfLKSIffhv0sVZup6pA==",
      "dev": true
    }
  }
}
